
Microsoft Visual Studio Solution File, Format Version 11.00
# Visual Studio 2010
Project("{FAE04EC0-301F-11D3-BF4B-00C04F79EFBC}") = "ApprovaFlow", "ApprovaFlow\ApprovaFlow.csproj", "{CC19D1EE-0105-4D95-86EE-F3003FAB9678}"
EndProject
Project("{FAE04EC0-301F-11D3-BF4B-00C04F79EFBC}") = "TestSuite", "TestSuite\TestSuite.csproj", "{BF260F2C-8F2C-4C52-9745-8232E2F9BACD}"
EndProject
Global
	GlobalSection(SolutionConfigurationPlatforms) = preSolution
		Debug|Any CPU = Debug|Any CPU
		Release|Any CPU = Release|Any CPU
	EndGlobalSection
	GlobalSection(ProjectConfigurationPlatforms) = postSolution
		{CC19D1EE-0105-4D95-86EE-F3003FAB9678}.Debug|Any CPU.ActiveCfg = Debug|Any CPU
		{CC19D1EE-0105-4D95-86EE-F3003FAB9678}.Debug|Any CPU.Build.0 = Debug|Any CPU
		{CC19D1EE-0105-4D95-86EE-F3003FAB9678}.Release|Any CPU.ActiveCfg = Release|Any CPU
		{CC19D1EE-0105-4D95-86EE-F3003FAB9678}.Release|Any CPU.Build.0 = Release|Any CPU
		{BF260F2C-8F2C-4C52-9745-8232E2F9BACD}.Debug|Any CPU.ActiveCfg = Debug|Any CPU
		{BF260F2C-8F2C-4C52-9745-8232E2F9BACD}.Debug|Any CPU.Build.0 = Debug|Any CPU
		{BF260F2C-8F2C-4C52-9745-8232E2F9BACD}.Release|Any CPU.ActiveCfg = Release|Any CPU
		{BF260F2C-8F2C-4C52-9745-8232E2F9BACD}.Release|Any CPU.Build.0 = Release|Any CPU
	EndGlobalSection
	GlobalSection(SolutionProperties) = preSolution
		HideSolutionNode = FALSE
	EndGlobalSection
EndGlobal
